// !$*UTF8*$!
{
	archiveVersion = 1;
	classes = {
	};
	objectVersion = 50;
	objects = {

/* Begin PBXBuildFile section */
		5A19C13420C22E8F003DFAC1 /* ProfileViewController.swift in Sources */ = {isa = PBXBuildFile; fileRef = 5A19C13320C22E8F003DFAC1 /* ProfileViewController.swift */; };
		5A19C13620C22F2E003DFAC1 /* LoginNewViewController.swift in Sources */ = {isa = PBXBuildFile; fileRef = 5A19C13520C22F2E003DFAC1 /* LoginNewViewController.swift */; };
		5A1C2FAF20C1D31D000D2038 /* AppDelegate.swift in Sources */ = {isa = PBXBuildFile; fileRef = 5A1C2FAE20C1D31D000D2038 /* AppDelegate.swift */; };
		5A1C2FB420C1D31D000D2038 /* Main.storyboard in Resources */ = {isa = PBXBuildFile; fileRef = 5A1C2FB220C1D31D000D2038 /* Main.storyboard */; };
		5A1C2FB620C1D321000D2038 /* Assets.xcassets in Resources */ = {isa = PBXBuildFile; fileRef = 5A1C2FB520C1D321000D2038 /* Assets.xcassets */; };
		5A1C2FB920C1D321000D2038 /* LaunchScreen.storyboard in Resources */ = {isa = PBXBuildFile; fileRef = 5A1C2FB720C1D321000D2038 /* LaunchScreen.storyboard */; };
		5A1C2FC520C1D828000D2038 /* Globally.swift in Sources */ = {isa = PBXBuildFile; fileRef = 5A1C2FC420C1D828000D2038 /* Globally.swift */; };
/* End PBXBuildFile section */

/* Begin PBXFileReference section */
		5A19C13320C22E8F003DFAC1 /* ProfileViewController.swift */ = {isa = PBXFileReference; lastKnownFileType = sourcecode.swift; path = ProfileViewController.swift; sourceTree = "<group>"; };
		5A19C13520C22F2E003DFAC1 /* LoginNewViewController.swift */ = {isa = PBXFileReference; lastKnownFileType = sourcecode.swift; path = LoginNewViewController.swift; sourceTree = "<group>"; };
		5A1C2FAB20C1D31D000D2038 /* LoginANDReg.app */ = {isa = PBXFileReference; explicitFileType = wrapper.application; includeInIndex = 0; path = LoginANDReg.app; sourceTree = BUILT_PRODUCTS_DIR; };
		5A1C2FAE20C1D31D000D2038 /* AppDelegate.swift */ = {isa = PBXFileReference; lastKnownFileType = sourcecode.swift; path = AppDelegate.swift; sourceTree = "<group>"; };
		5A1C2FB320C1D31D000D2038 /* Base */ = {isa = PBXFileReference; lastKnownFileType = file.storyboard; name = Base; path = Base.lproj/Main.storyboard; sourceTree = "<group>"; };
		5A1C2FB520C1D321000D2038 /* Assets.xcassets */ = {isa = PBXFileReference; lastKnownFileType = folder.assetcatalog; path = Assets.xcassets; sourceTree = "<group>"; };
		5A1C2FB820C1D321000D2038 /* Base */ = {isa = PBXFileReference; lastKnownFileType = file.storyboard; name = Base; path = Base.lproj/LaunchScreen.storyboard; sourceTree = "<group>"; };
		5A1C2FBA20C1D321000D2038 /* Info.plist */ = {isa = PBXFileReference; lastKnownFileType = text.plist.xml; path = Info.plist; sourceTree = "<group>"; };
		5A1C2FC420C1D828000D2038 /* Globally.swift */ = {isa = PBXFileReference; lastKnownFileType = sourcecode.swift; path = Globally.swift; sourceTree = "<group>"; };
/* End PBXFileReference section */

/* Begin PBXFrameworksBuildPhase section */
		5A1C2FA820C1D31D000D2038 /* Frameworks */ = {
			isa = PBXFrameworksBuildPhase;
			buildActionMask = 2147483647;
			files = (
			);
			runOnlyForDeploymentPostprocessing = 0;
		};
/* End PBXFrameworksBuildPhase section */

/* Begin PBXGroup section */
		5A1C2FA220C1D31D000D2038 = {
			isa = PBXGroup;
			children = (
				5A1C2FAD20C1D31D000D2038 /* LoginANDReg */,
				5A1C2FAC20C1D31D000D2038 /* Products */,
			);
			sourceTree = "<group>";
		};
		5A1C2FAC20C1D31D000D2038 /* Products */ = {
			isa = PBXGroup;
			children = (
				5A1C2FAB20C1D31D000D2038 /* LoginANDReg.app */,
			);
			name = Products;
			sourceTree = "<group>";
		};
		5A1C2FAD20C1D31D000D2038 /* LoginANDReg */ = {
			isa = PBXGroup;
			children = (
				5A1C2FAE20C1D31D000D2038 /* AppDelegate.swift */,
				5A1C2FC420C1D828000D2038 /* Globally.swift */,
				5A19C13320C22E8F003DFAC1 /* ProfileViewController.swift */,
				5A19C13520C22F2E003DFAC1 /* LoginNewViewController.swift */,
				5A1C2FB220C1D31D000D2038 /* Main.storyboard */,
				5A1C2FB520C1D321000D2038 /* Assets.xcassets */,
				5A1C2FB720C1D321000D2038 /* LaunchScreen.storyboard */,
				5A1C2FBA20C1D321000D2038 /* Info.plist */,
			);
			path = LoginANDReg;
			sourceTree = "<group>";
		};
/* End PBXGroup section */

/* Begin PBXNativeTarget section */
		5A1C2FAA20C1D31D000D2038 /* LoginANDReg */ = {
			isa = PBXNativeTarget;
			buildConfigurationList = 5A1C2FBD20C1D321000D2038 /* Build configuration list for PBXNativeTarget "LoginANDReg" */;
			buildPhases = (
				5A1C2FA720C1D31D000D2038 /* Sources */,
				5A1C2FA820C1D31D000D2038 /* Frameworks */,
				5A1C2FA920C1D31D000D2038 /* Resources */,
			);
			buildRules = (
			);
			dependencies = (
			);
			name = LoginANDReg;
			productName = LoginANDReg;
			productReference = 5A1C2FAB20C1D31D000D2038 /* LoginANDReg.app */;
			productType = "com.apple.product-type.application";
		};
/* End PBXNativeTarget section */

/* Begin PBXProject section */
		5A1C2FA320C1D31D000D2038 /* Project object */ = {
			isa = PBXProject;
			attributes = {
				LastSwiftUpdateCheck = 0930;
				LastUpgradeCheck = 0930;
				ORGANIZATIONNAME = TechTonic;
				TargetAttributes = {
					5A1C2FAA20C1D31D000D2038 = {
						CreatedOnToolsVersion = 9.3.1;
					};
				};
			};
			buildConfigurationList = 5A1C2FA620C1D31D000D2038 /* Build configuration list for PBXProject "LoginANDReg" */;
			compatibilityVersion = "Xcode 9.3";
			developmentRegion = en;
			hasScannedForEncodings = 0;
			knownRegions = (
				en,
				Base,
			);
			mainGroup = 5A1C2FA220C1D31D000D2038;
			productRefGroup = 5A1C2FAC20C1D31D000D2038 /* Products */;
			projectDirPath = "";
			projectRoot = "";
			targets = (
				5A1C2FAA20C1D31D000D2038 /* LoginANDReg */,
			);
		};
/* End PBXProject section */

/* Begin PBXResourcesBuildPhase section */
		5A1C2FA920C1D31D000D2038 /* Resources */ = {
			isa = PBXResourcesBuildPhase;
			buildActionMask = 2147483647;
			files = (
				5A1C2FB920C1D321000D2038 /* LaunchScreen.storyboard in Resources */,
				5A1C2FB620C1D321000D2038 /* Assets.xcassets in Resources */,
				5A1C2FB420C1D31D000D2038 /* Main.storyboard in Resources */,
			);
			runOnlyForDeploymentPostprocessing = 0;
		};
/* End PBXResourcesBuildPhase section */

/* Begin PBXSourcesBuildPhase section */
		5A1C2FA720C1D31D000D2038 /* Sources */ = {
			isa = PBXSourcesBuildPhase;
			buildActionMask = 2147483647;
			files = (
				5A19C13420C22E8F003DFAC1 /* ProfileViewController.swift in Sources */,
				5A1C2FC520C1D828000D2038 /* Globally.swift in Sources */,
				5A1C2FAF20C1D31D000D2038 /* AppDelegate.swift in Sources */,
				5A19C13620C22F2E003DFAC1 /* LoginNewViewController.swift in Sources */,
			);
			runOnlyForDeploymentPostprocessing = 0;
		};
/* End PBXSourcesBuildPhase section */

/* Begin PBXVariantGroup section */
		5A1C2FB220C1D31D000D2038 /* Main.storyboard */ = {
			isa = PBXVariantGroup;
			children = (
				5A1C2FB320C1D31D000D2038 /* Base */,
			);
			name = Main.storyboard;
			sourceTree = "<group>";
		};
		5A1C2FB720C1D321000D2038 /* LaunchScreen.storyboard */ = {
			isa = PBXVariantGroup;
			children = (
				5A1C2FB820C1D321000D2038 /* Base */,
			);
			name = LaunchScreen.storyboard;
			sourceTree = "<group>";
		};
/* End PBXVariantGroup section */

/* Begin XCBuildConfiguration section */
		5A1C2FBB20C1D321000D2038 /* Debug */ = {
			isa = XCBuildConfiguration;
			buildSettings = {
				ALWAYS_SEARCH_USER_PATHS = NO;
				CLANG_ANALYZER_NONNULL = YES;
				CLANG_ANALYZER_NUMBER_OBJECT_CONVERSION = YES_AGGRESSIVE;
				CLANG_CXX_LANGUAGE_STANDARD = "gnu++14";
				CLANG_CXX_LIBRARY = "libc++";
				CLANG_ENABLE_MODULES = YES;
				CLANG_ENABLE_OBJC_ARC = YES;
				CLANG_ENABLE_OBJC_WEAK = YES;
				CLANG_WARN_BLOCK_CAPTURE_AUTORELEASING = YES;
				CLANG_WARN_BOOL_CONVERSION = YES;
				CLANG_WARN_COMMA = YES;
				CLANG_WARN_CONSTANT_CONVERSION = YES;
				CLANG_WARN_DEPRECATED_OBJC_IMPLEMENTATIONS = YES;
				CLANG_WARN_DIRECT_OBJC_ISA_USAGE = YES_ERROR;
				CLANG_WARN_DOCUMENTATION_COMMENTS = YES;
				CLANG_WARN_EMPTY_BODY = YES;
				CLANG_WARN_ENUM_CONVERSION = YES;
				CLANG_WARN_INFINITE_RECURSION = YES;
				CLANG_WARN_INT_CONVERSION = YES;
				CLANG_WARN_NON_LITERAL_NULL_CONVERSION = YES;
				CLANG_WARN_OBJC_IMPLICIT_RETAIN_SELF = YES;
				CLANG_WARN_OBJC_LITERAL_CONVERSION = YES;
				CLANG_WARN_OBJC_ROOT_CLASS = YES_ERROR;
				CLANG_WARN_RANGE_LOOP_ANALYSIS = YES;
				CLANG_WARN_STRICT_PROTOTYPES = YES;
				CLANG_WARN_SUSPICIOUS_MOVE = YES;
				CLANG_WARN_UNGUARDED_AVAILABILITY = YES_AGGRESSIVE;
				CLANG_WARN_UNREACHABLE_CODE = YES;
				CLANG_WARN__DUPLICATE_METHOD_MATCH = YES;
				CODE_SIGN_IDENTITY = "iPhone Developer";
				COPY_PHASE_STRIP = NO;
				DEBUG_INFORMATION_FORMAT = dwarf;
				ENABLE_STRICT_OBJC_MSGSEND = YES;
				ENABLE_TESTABILITY = YES;
				GCC_C_LANGUAGE_STANDARD = gnu11;
				GCC_DYNAMIC_NO_PIC = NO;
				GCC_NO_COMMON_BLOCKS = YES;
				GCC_OPTIMIZATION_LEVEL = 0;
				GCC_PREPROCESSOR_DEFINITIONS = (
					"DEBUG=1",
					"$(inherited)",
				);
				GCC_WARN_64_TO_32_BIT_CONVERSION = YES;
				GCC_WARN_ABOUT_RETURN_TYPE = YES_ERROR;
				GCC_WARN_UNDECLARED_SELECTOR = YES;
				GCC_WARN_UNINITIALIZED_AUTOS = YES_AGGRESSIVE;
				GCC_WARN_UNUSED_FUNCTION = YES;
				GCC_WARN_UNUSED_VARIABLE = YES;
				IPHONEOS_DEPLOYMENT_TARGET = 11.3;
				MTL_ENABLE_DEBUG_INFO = YES;
				ONLY_ACTIVE_ARCH = YES;
				SDKROOT = iphoneos;
				SWIFT_ACTIVE_COMPILATION_CONDITIONS = DEBUG;
				SWIFT_OPTIMIZATION_LEVEL = "-Onone";
			};
			name = Debug;
		};
		5A1C2FBC20C1D321000D2038 /* Release */ = {
			isa = XCBuildConfiguration;
			buildSettings = {
				ALWAYS_SEARCH_USER_PATHS = NO;
				CLANG_ANALYZER_NONNULL = YES;
				CLANG_ANALYZER_NUMBER_OBJECT_CONVERSION = YES_AGGRESSIVE;
				CLANG_CXX_LANGUAGE_STANDARD = "gnu++14";
				CLANG_CXX_LIBRARY = "libc++";
				CLANG_ENABLE_MODULES = YES;
				CLANG_ENABLE_OBJC_ARC = YES;
				CLANG_ENABLE_OBJC_WEAK = YES;
				CLANG_WARN_BLOCK_CAPTURE_AUTORELEASING = YES;
				CLANG_WARN_BOOL_CONVERSION = YES;
				CLANG_WARN_COMMA = YES;
				CLANG_WARN_CONSTANT_CONVERSION = YES;
				CLANG_WARN_DEPRECATED_OBJC_IMPLEMENTATIONS = YES;
				CLANG_WARN_DIRECT_OBJC_ISA_USAGE = YES_ERROR;
				CLANG_WARN_DOCUMENTATION_COMMENTS = YES;
				CLANG_WARN_EMPTY_BODY = YES;
				CLANG_WARN_ENUM_CONVERSION = YES;
				CLANG_WARN_INFINITE_RECURSION = YES;
				CLANG_WARN_INT_CONVERSION = YES;
				CLANG_WARN_NON_LITERAL_NULL_CONVERSION = YES;
				CLANG_WARN_OBJC_IMPLICIT_RETAIN_SELF = YES;
				CLANG_WARN_OBJC_LITERAL_CONVERSION = YES;
				CLANG_WARN_OBJC_ROOT_CLASS = YES_ERROR;
				CLANG_WARN_RANGE_LOOP_ANALYSIS = YES;
				CLANG_WARN_STRICT_PROTOTYPES = YES;
				CLANG_WARN_SUSPICIOUS_MOVE = YES;
				CLANG_WARN_UNGUARDED_AVAILABILITY = YES_AGGRESSIVE;
				CLANG_WARN_UNREACHABLE_CODE = YES;
				CLANG_WARN__DUPLICATE_METHOD_MATCH = YES;
				CODE_SIGN_IDENTITY = "iPhone Developer";
				COPY_PHASE_STRIP = NO;
				DEBUG_INFORMATION_FORMAT = "dwarf-with-dsym";
				ENABLE_NS_ASSERTIONS = NO;
				ENABLE_STRICT_OBJC_MSGSEND = YES;
				GCC_C_LANGUAGE_STANDARD = gnu11;
				GCC_NO_COMMON_BLOCKS = YES;
				GCC_WARN_64_TO_32_BIT_CONVERSION = YES;
				GCC_WARN_ABOUT_RETURN_TYPE = YES_ERROR;
				GCC_WARN_UNDECLARED_SELECTOR = YES;
				GCC_WARN_UNINITIALIZED_AUTOS = YES_AGGRESSIVE;
				GCC_WARN_UNUSED_FUNCTION = YES;
				GCC_WARN_UNUSED_VARIABLE = YES;
				IPHONEOS_DEPLOYMENT_TARGET = 11.3;
				MTL_ENABLE_DEBUG_INFO = NO;
				SDKROOT = iphoneos;
				SWIFT_COMPILATION_MODE = wholemodule;
				SWIFT_OPTIMIZATION_LEVEL = "-O";
				VALIDATE_PRODUCT = YES;
			};
			name = Release;
		};
		5A1C2FBE20C1D321000D2038 /* Debug */ = {
			isa = XCBuildConfiguration;
			buildSettings = {
				ASSETCATALOG_COMPILER_APPICON_NAME = AppIcon;
				CODE_SIGN_STYLE = Automatic;
				DEVELOPMENT_TEAM = RDRMVW96A6;
				INFOPLIST_FILE = LoginANDReg/Info.plist;
				LD_RUNPATH_SEARCH_PATHS = (
					"$(inherited)",
					"@executable_path/Frameworks",
				);
				PRODUCT_BUNDLE_IDENTIFIER = TechTonic.LoginANDReg;
				PRODUCT_NAME = "$(TARGET_NAME)";
				SWIFT_VERSION = 4.0;
				TARGETED_DEVICE_FAMILY = "1,2";
			};
			name = Debug;
		};
		5A1C2FBF20C1D321000D2038 /* Release */ = {
			isa = XCBuildConfiguration;
			buildSettings = {
				ASSETCATALOG_COMPILER_APPICON_NAME = AppIcon;
				CODE_SIGN_STYLE = Automatic;
				DEVELOPMENT_TEAM = RDRMVW96A6;
				INFOPLIST_FILE = LoginANDReg/Info.plist;
				LD_RUNPATH_SEARCH_PATHS = (
					"$(inherited)",
					"@executable_path/Frameworks",
				);
				PRODUCT_BUNDLE_IDENTIFIER = TechTonic.LoginANDReg;
				PRODUCT_NAME = "$(TARGET_NAME)";
				SWIFT_VERSION = 4.0;
				TARGETED_DEVICE_FAMILY = "1,2";
			};
			name = Release;
		};
/* End XCBuildConfiguration section */

/* Begin XCConfigurationList section */
		5A1C2FA620C1D31D000D2038 /* Build configuration list for PBXProject "LoginANDReg" */ = {
			isa = XCConfigurationList;
			buildConfigurations = (
				5A1C2FBB20C1D321000D2038 /* Debug */,
				5A1C2FBC20C1D321000D2038 /* Release */,
			);
			defaultConfigurationIsVisible = 0;
			defaultConfigurationName = Release;
		};
		5A1C2FBD20C1D321000D2038 /* Build configuration list for PBXNativeTarget "LoginANDReg" */ = {
			isa = XCConfigurationList;
			buildConfigurations = (
				5A1C2FBE20C1D321000D2038 /* Debug */,
				5A1C2FBF20C1D321000D2038 /* Release */,
			);
			defaultConfigurationIsVisible = 0;
			defaultConfigurationName = Release;
		};
/* End XCConfigurationList section */
	};
	rootObject = 5A1C2FA320C1D31D000D2038 /* Project object */;
}
